// !$*UTF8*$!
{
	archiveVersion = 1;
	classes = {
	};
	objectVersion = 46;
	objects = {

/* Begin PBXBuildFile section */
		D60175E21CD4424500B46913 /* AppDelegate.swift in Sources */ = {isa = PBXBuildFile; fileRef = D60175E11CD4424500B46913 /* AppDelegate.swift */; };
		D60175E41CD4424500B46913 /* ViewController.swift in Sources */ = {isa = PBXBuildFile; fileRef = D60175E31CD4424500B46913 /* ViewController.swift */; };
		D60175E71CD4424500B46913 /* Main.storyboard in Resources */ = {isa = PBXBuildFile; fileRef = D60175E51CD4424500B46913 /* Main.storyboard */; };
		D60175E91CD4424500B46913 /* Assets.xcassets in Resources */ = {isa = PBXBuildFile; fileRef = D60175E81CD4424500B46913 /* Assets.xcassets */; };
		D60175EC1CD4424600B46913 /* LaunchScreen.storyboard in Resources */ = {isa = PBXBuildFile; fileRef = D60175EA1CD4424500B46913 /* LaunchScreen.storyboard */; };
		D60175F71CD4424600B46913 /* iOSAnimationsample_swiftUITests.swift in Sources */ = {isa = PBXBuildFile; fileRef = D60175F61CD4424600B46913 /* iOSAnimationsample_swiftUITests.swift */; };
		D60176021CD4454900B46913 /* PositonViewController.swift in Sources */ = {isa = PBXBuildFile; fileRef = D60176011CD4454900B46913 /* PositonViewController.swift */; };
		D60176041CD44E2000B46913 /* OpacityViewController.swift in Sources */ = {isa = PBXBuildFile; fileRef = D60176031CD44E2000B46913 /* OpacityViewController.swift */; };
		D60176061CD46CCA00B46913 /* ScaleViewController.swift in Sources */ = {isa = PBXBuildFile; fileRef = D60176051CD46CCA00B46913 /* ScaleViewController.swift */; };
/* End PBXBuildFile section */

/* Begin PBXContainerItemProxy section */
		D60175F31CD4424600B46913 /* PBXContainerItemProxy */ = {
			isa = PBXContainerItemProxy;
			containerPortal = D60175D61CD4424500B46913 /* Project object */;
			proxyType = 1;
			remoteGlobalIDString = D60175DD1CD4424500B46913;
			remoteInfo = iOSAnimationsample_swift;
		};
/* End PBXContainerItemProxy section */

/* Begin PBXFileReference section */
		D60175DE1CD4424500B46913 /* iOSAnimationsample_swift.app */ = {isa = PBXFileReference; explicitFileType = wrapper.application; includeInIndex = 0; path = iOSAnimationsample_swift.app; sourceTree = BUILT_PRODUCTS_DIR; };
		D60175E11CD4424500B46913 /* AppDelegate.swift */ = {isa = PBXFileReference; lastKnownFileType = sourcecode.swift; path = AppDelegate.swift; sourceTree = "<group>"; };
		D60175E31CD4424500B46913 /* ViewController.swift */ = {isa = PBXFileReference; lastKnownFileType = sourcecode.swift; path = ViewController.swift; sourceTree = "<group>"; };
		D60175E61CD4424500B46913 /* Base */ = {isa = PBXFileReference; lastKnownFileType = file.storyboard; name = Base; path = Base.lproj/Main.storyboard; sourceTree = "<group>"; };
		D60175E81CD4424500B46913 /* Assets.xcassets */ = {isa = PBXFileReference; lastKnownFileType = folder.assetcatalog; path = Assets.xcassets; sourceTree = "<group>"; };
		D60175EB1CD4424600B46913 /* Base */ = {isa = PBXFileReference; lastKnownFileType = file.storyboard; name = Base; path = Base.lproj/LaunchScreen.storyboard; sourceTree = "<group>"; };
		D60175ED1CD4424600B46913 /* Info.plist */ = {isa = PBXFileReference; lastKnownFileType = text.plist.xml; path = Info.plist; sourceTree = "<group>"; };
		D60175F21CD4424600B46913 /* iOSAnimationsample_swiftUITests.xctest */ = {isa = PBXFileReference; explicitFileType = wrapper.cfbundle; includeInIndex = 0; path = iOSAnimationsample_swiftUITests.xctest; sourceTree = BUILT_PRODUCTS_DIR; };
		D60175F61CD4424600B46913 /* iOSAnimationsample_swiftUITests.swift */ = {isa = PBXFileReference; lastKnownFileType = sourcecode.swift; path = iOSAnimationsample_swiftUITests.swift; sourceTree = "<group>"; };
		D60175F81CD4424600B46913 /* Info.plist */ = {isa = PBXFileReference; lastKnownFileType = text.plist.xml; path = Info.plist; sourceTree = "<group>"; };
		D60176011CD4454900B46913 /* PositonViewController.swift */ = {isa = PBXFileReference; fileEncoding = 4; lastKnownFileType = sourcecode.swift; path = PositonViewController.swift; sourceTree = "<group>"; };
		D60176031CD44E2000B46913 /* OpacityViewController.swift */ = {isa = PBXFileReference; fileEncoding = 4; lastKnownFileType = sourcecode.swift; path = OpacityViewController.swift; sourceTree = "<group>"; };
		D60176051CD46CCA00B46913 /* ScaleViewController.swift */ = {isa = PBXFileReference; fileEncoding = 4; lastKnownFileType = sourcecode.swift; path = ScaleViewController.swift; sourceTree = "<group>"; };
/* End PBXFileReference section */

/* Begin PBXFrameworksBuildPhase section */
		D60175DB1CD4424500B46913 /* Frameworks */ = {
			isa = PBXFrameworksBuildPhase;
			buildActionMask = 2147483647;
			files = (
			);
			runOnlyForDeploymentPostprocessing = 0;
		};
		D60175EF1CD4424600B46913 /* Frameworks */ = {
			isa = PBXFrameworksBuildPhase;
			buildActionMask = 2147483647;
			files = (
			);
			runOnlyForDeploymentPostprocessing = 0;
		};
/* End PBXFrameworksBuildPhase section */

/* Begin PBXGroup section */
		D60175D51CD4424500B46913 = {
			isa = PBXGroup;
			children = (
				D60175E01CD4424500B46913 /* iOSAnimationsample_swift */,
				D60175F51CD4424600B46913 /* iOSAnimationsample_swiftUITests */,
				D60175DF1CD4424500B46913 /* Products */,
			);
			sourceTree = "<group>";
		};
		D60175DF1CD4424500B46913 /* Products */ = {
			isa = PBXGroup;
			children = (
				D60175DE1CD4424500B46913 /* iOSAnimationsample_swift.app */,
				D60175F21CD4424600B46913 /* iOSAnimationsample_swiftUITests.xctest */,
			);
			name = Products;
			sourceTree = "<group>";
		};
		D60175E01CD4424500B46913 /* iOSAnimationsample_swift */ = {
			isa = PBXGroup;
			children = (
				D60175E11CD4424500B46913 /* AppDelegate.swift */,
				D60175E31CD4424500B46913 /* ViewController.swift */,
				D60176011CD4454900B46913 /* PositonViewController.swift */,
				D60176031CD44E2000B46913 /* OpacityViewController.swift */,
				D60176051CD46CCA00B46913 /* ScaleViewController.swift */,
				D60175E51CD4424500B46913 /* Main.storyboard */,
				D60175E81CD4424500B46913 /* Assets.xcassets */,
				D60175EA1CD4424500B46913 /* LaunchScreen.storyboard */,
				D60175ED1CD4424600B46913 /* Info.plist */,
			);
			path = iOSAnimationsample_swift;
			sourceTree = "<group>";
		};
		D60175F51CD4424600B46913 /* iOSAnimationsample_swiftUITests */ = {
			isa = PBXGroup;
			children = (
				D60175F61CD4424600B46913 /* iOSAnimationsample_swiftUITests.swift */,
				D60175F81CD4424600B46913 /* Info.plist */,
			);
			path = iOSAnimationsample_swiftUITests;
			sourceTree = "<group>";
		};
/* End PBXGroup section */

/* Begin PBXNativeTarget section */
		D60175DD1CD4424500B46913 /* iOSAnimationsample_swift */ = {
			isa = PBXNativeTarget;
			buildConfigurationList = D60175FB1CD4424600B46913 /* Build configuration list for PBXNativeTarget "iOSAnimationsample_swift" */;
			buildPhases = (
				D60175DA1CD4424500B46913 /* Sources */,
				D60175DB1CD4424500B46913 /* Frameworks */,
				D60175DC1CD4424500B46913 /* Resources */,
			);
			buildRules = (
			);
			dependencies = (
			);
			name = iOSAnimationsample_swift;
			productName = iOSAnimationsample_swift;
			productReference = D60175DE1CD4424500B46913 /* iOSAnimationsample_swift.app */;
			productType = "com.apple.product-type.application";
		};
		D60175F11CD4424600B46913 /* iOSAnimationsample_swiftUITests */ = {
			isa = PBXNativeTarget;
			buildConfigurationList = D60175FE1CD4424600B46913 /* Build configuration list for PBXNativeTarget "iOSAnimationsample_swiftUITests" */;
			buildPhases = (
				D60175EE1CD4424600B46913 /* Sources */,
				D60175EF1CD4424600B46913 /* Frameworks */,
				D60175F01CD4424600B46913 /* Resources */,
			);
			buildRules = (
			);
			dependencies = (
				D60175F41CD4424600B46913 /* PBXTargetDependency */,
			);
			name = iOSAnimationsample_swiftUITests;
			productName = iOSAnimationsample_swiftUITests;
			productReference = D60175F21CD4424600B46913 /* iOSAnimationsample_swiftUITests.xctest */;
			productType = "com.apple.product-type.bundle.ui-testing";
		};
/* End PBXNativeTarget section */

/* Begin PBXProject section */
		D60175D61CD4424500B46913 /* Project object */ = {
			isa = PBXProject;
			attributes = {
				LastSwiftUpdateCheck = 0730;
				LastUpgradeCheck = 0730;
				ORGANIZATIONNAME = "创维海通";
				TargetAttributes = {
					D60175DD1CD4424500B46913 = {
						CreatedOnToolsVersion = 7.3;
					};
					D60175F11CD4424600B46913 = {
						CreatedOnToolsVersion = 7.3;
						TestTargetID = D60175DD1CD4424500B46913;
					};
				};
			};
			buildConfigurationList = D60175D91CD4424500B46913 /* Build configuration list for PBXProject "iOSAnimationsample_swift" */;
			compatibilityVersion = "Xcode 3.2";
			developmentRegion = English;
			hasScannedForEncodings = 0;
			knownRegions = (
				en,
				Base,
			);
			mainGroup = D60175D51CD4424500B46913;
			productRefGroup = D60175DF1CD4424500B46913 /* Products */;
			projectDirPath = "";
			projectRoot = "";
			targets = (
				D60175DD1CD4424500B46913 /* iOSAnimationsample_swift */,
				D60175F11CD4424600B46913 /* iOSAnimationsample_swiftUITests */,
			);
		};
/* End PBXProject section */

/* Begin PBXResourcesBuildPhase section */
		D60175DC1CD4424500B46913 /* Resources */ = {
			isa = PBXResourcesBuildPhase;
			buildActionMask = 2147483647;
			files = (
				D60175EC1CD4424600B46913 /* LaunchScreen.storyboard in Resources */,
				D60175E91CD4424500B46913 /* Assets.xcassets in Resources */,
				D60175E71CD4424500B46913 /* Main.storyboard in Resources */,
			);
			runOnlyForDeploymentPostprocessing = 0;
		};
		D60175F01CD4424600B46913 /* Resources */ = {
			isa = PBXResourcesBuildPhase;
			buildActionMask = 2147483647;
			files = (
			);
			runOnlyForDeploymentPostprocessing = 0;
		};
/* End PBXResourcesBuildPhase section */

/* Begin PBXSourcesBuildPhase section */
		D60175DA1CD4424500B46913 /* Sources */ = {
			isa = PBXSourcesBuildPhase;
			buildActionMask = 2147483647;
			files = (
				D60175E41CD4424500B46913 /* ViewController.swift in Sources */,
				D60176061CD46CCA00B46913 /* ScaleViewController.swift in Sources */,
				D60176021CD4454900B46913 /* PositonViewController.swift in Sources */,
				D60176041CD44E2000B46913 /* OpacityViewController.swift in Sources */,
				D60175E21CD4424500B46913 /* AppDelegate.swift in Sources */,
			);
			runOnlyForDeploymentPostprocessing = 0;
		};
		D60175EE1CD4424600B46913 /* Sources */ = {
			isa = PBXSourcesBuildPhase;
			buildActionMask = 2147483647;
			files = (
				D60175F71CD4424600B46913 /* iOSAnimationsample_swiftUITests.swift in Sources */,
			);
			runOnlyForDeploymentPostprocessing = 0;
		};
/* End PBXSourcesBuildPhase section */

/* Begin PBXTargetDependency section */
		D60175F41CD4424600B46913 /* PBXTargetDependency */ = {
			isa = PBXTargetDependency;
			target = D60175DD1CD4424500B46913 /* iOSAnimationsample_swift */;
			targetProxy = D60175F31CD4424600B46913 /* PBXContainerItemProxy */;
		};
/* End PBXTargetDependency section */

/* Begin PBXVariantGroup section */
		D60175E51CD4424500B46913 /* Main.storyboard */ = {
			isa = PBXVariantGroup;
			children = (
				D60175E61CD4424500B46913 /* Base */,
			);
			name = Main.storyboard;
			sourceTree = "<group>";
		};
		D60175EA1CD4424500B46913 /* LaunchScreen.storyboard */ = {
			isa = PBXVariantGroup;
			children = (
				D60175EB1CD4424600B46913 /* Base */,
			);
			name = LaunchScreen.storyboard;
			sourceTree = "<group>";
		};
/* End PBXVariantGroup section */

/* Begin XCBuildConfiguration section */
		D60175F91CD4424600B46913 /* Debug */ = {
			isa = XCBuildConfiguration;
			buildSettings = {
				ALWAYS_SEARCH_USER_PATHS = NO;
				CLANG_ANALYZER_NONNULL = YES;
				CLANG_CXX_LANGUAGE_STANDARD = "gnu++0x";
				CLANG_CXX_LIBRARY = "libc++";
				CLANG_ENABLE_MODULES = YES;
				CLANG_ENABLE_OBJC_ARC = YES;
				CLANG_WARN_BOOL_CONVERSION = YES;
				CLANG_WARN_CONSTANT_CONVERSION = YES;
				CLANG_WARN_DIRECT_OBJC_ISA_USAGE = YES_ERROR;
				CLANG_WARN_EMPTY_BODY = YES;
				CLANG_WARN_ENUM_CONVERSION = YES;
				CLANG_WARN_INT_CONVERSION = YES;
				CLANG_WARN_OBJC_ROOT_CLASS = YES_ERROR;
				CLANG_WARN_UNREACHABLE_CODE = YES;
				CLANG_WARN__DUPLICATE_METHOD_MATCH = YES;
				"CODE_SIGN_IDENTITY[sdk=iphoneos*]" = "iPhone Developer";
				COPY_PHASE_STRIP = NO;
				DEBUG_INFORMATION_FORMAT = dwarf;
				ENABLE_STRICT_OBJC_MSGSEND = YES;
				ENABLE_TESTABILITY = YES;
				GCC_C_LANGUAGE_STANDARD = gnu99;
				GCC_DYNAMIC_NO_PIC = NO;
				GCC_NO_COMMON_BLOCKS = YES;
				GCC_OPTIMIZATION_LEVEL = 0;
				GCC_PREPROCESSOR_DEFINITIONS = (
					"DEBUG=1",
					"$(inherited)",
				);
				GCC_WARN_64_TO_32_BIT_CONVERSION = YES;
				GCC_WARN_ABOUT_RETURN_TYPE = YES_ERROR;
				GCC_WARN_UNDECLARED_SELECTOR = YES;
				GCC_WARN_UNINITIALIZED_AUTOS = YES_AGGRESSIVE;
				GCC_WARN_UNUSED_FUNCTION = YES;
				GCC_WARN_UNUSED_VARIABLE = YES;
				IPHONEOS_DEPLOYMENT_TARGET = 9.3;
				MTL_ENABLE_DEBUG_INFO = YES;
				ONLY_ACTIVE_ARCH = YES;
				SDKROOT = iphoneos;
				SWIFT_OPTIMIZATION_LEVEL = "-Onone";
			};
			name = Debug;
		};
		D60175FA1CD4424600B46913 /* Release */ = {
			isa = XCBuildConfiguration;
			buildSettings = {
				ALWAYS_SEARCH_USER_PATHS = NO;
				CLANG_ANALYZER_NONNULL = YES;
				CLANG_CXX_LANGUAGE_STANDARD = "gnu++0x";
				CLANG_CXX_LIBRARY = "libc++";
				CLANG_ENABLE_MODULES = YES;
				CLANG_ENABLE_OBJC_ARC = YES;
				CLANG_WARN_BOOL_CONVERSION = YES;
				CLANG_WARN_CONSTANT_CONVERSION = YES;
				CLANG_WARN_DIRECT_OBJC_ISA_USAGE = YES_ERROR;
				CLANG_WARN_EMPTY_BODY = YES;
				CLANG_WARN_ENUM_CONVERSION = YES;
				CLANG_WARN_INT_CONVERSION = YES;
				CLANG_WARN_OBJC_ROOT_CLASS = YES_ERROR;
				CLANG_WARN_UNREACHABLE_CODE = YES;
				CLANG_WARN__DUPLICATE_METHOD_MATCH = YES;
				"CODE_SIGN_IDENTITY[sdk=iphoneos*]" = "iPhone Developer";
				COPY_PHASE_STRIP = NO;
				DEBUG_INFORMATION_FORMAT = "dwarf-with-dsym";
				ENABLE_NS_ASSERTIONS = NO;
				ENABLE_STRICT_OBJC_MSGSEND = YES;
				GCC_C_LANGUAGE_STANDARD = gnu99;
				GCC_NO_COMMON_BLOCKS = YES;
				GCC_WARN_64_TO_32_BIT_CONVERSION = YES;
				GCC_WARN_ABOUT_RETURN_TYPE = YES_ERROR;
				GCC_WARN_UNDECLARED_SELECTOR = YES;
				GCC_WARN_UNINITIALIZED_AUTOS = YES_AGGRESSIVE;
				GCC_WARN_UNUSED_FUNCTION = YES;
				GCC_WARN_UNUSED_VARIABLE = YES;
				IPHONEOS_DEPLOYMENT_TARGET = 9.3;
				MTL_ENABLE_DEBUG_INFO = NO;
				SDKROOT = iphoneos;
				VALIDATE_PRODUCT = YES;
			};
			name = Release;
		};
		D60175FC1CD4424600B46913 /* Debug */ = {
			isa = XCBuildConfiguration;
			buildSettings = {
				ASSETCATALOG_COMPILER_APPICON_NAME = AppIcon;
				INFOPLIST_FILE = iOSAnimationsample_swift/Info.plist;
				LD_RUNPATH_SEARCH_PATHS = "$(inherited) @executable_path/Frameworks";
				PRODUCT_BUNDLE_IDENTIFIER = "com.sh.pangea.iOSAnimationsample-swift";
				PRODUCT_NAME = "$(TARGET_NAME)";
			};
			name = Debug;
		};
		D60175FD1CD4424600B46913 /* Release */ = {
			isa = XCBuildConfiguration;
			buildSettings = {
				ASSETCATALOG_COMPILER_APPICON_NAME = AppIcon;
				INFOPLIST_FILE = iOSAnimationsample_swift/Info.plist;
				LD_RUNPATH_SEARCH_PATHS = "$(inherited) @executable_path/Frameworks";
				PRODUCT_BUNDLE_IDENTIFIER = "com.sh.pangea.iOSAnimationsample-swift";
				PRODUCT_NAME = "$(TARGET_NAME)";
			};
			name = Release;
		};
		D60175FF1CD4424600B46913 /* Debug */ = {
			isa = XCBuildConfiguration;
			buildSettings = {
				INFOPLIST_FILE = iOSAnimationsample_swiftUITests/Info.plist;
				LD_RUNPATH_SEARCH_PATHS = "$(inherited) @executable_path/Frameworks @loader_path/Frameworks";
				PRODUCT_BUNDLE_IDENTIFIER = "com.sh.pangea.iOSAnimationsample-swiftUITests";
				PRODUCT_NAME = "$(TARGET_NAME)";
				TEST_TARGET_NAME = iOSAnimationsample_swift;
			};
			name = Debug;
		};
		D60176001CD4424600B46913 /* Release */ = {
			isa = XCBuildConfiguration;
			buildSettings = {
				INFOPLIST_FILE = iOSAnimationsample_swiftUITests/Info.plist;
				LD_RUNPATH_SEARCH_PATHS = "$(inherited) @executable_path/Frameworks @loader_path/Frameworks";
				PRODUCT_BUNDLE_IDENTIFIER = "com.sh.pangea.iOSAnimationsample-swiftUITests";
				PRODUCT_NAME = "$(TARGET_NAME)";
				TEST_TARGET_NAME = iOSAnimationsample_swift;
			};
			name = Release;
		};
/* End XCBuildConfiguration section */

/* Begin XCConfigurationList section */
		D60175D91CD4424500B46913 /* Build configuration list for PBXProject "iOSAnimationsample_swift" */ = {
			isa = XCConfigurationList;
			buildConfigurations = (
				D60175F91CD4424600B46913 /* Debug */,
				D60175FA1CD4424600B46913 /* Release */,
			);
			defaultConfigurationIsVisible = 0;
			defaultConfigurationName = Release;
		};
		D60175FB1CD4424600B46913 /* Build configuration list for PBXNativeTarget "iOSAnimationsample_swift" */ = {
			isa = XCConfigurationList;
			buildConfigurations = (
				D60175FC1CD4424600B46913 /* Debug */,
				D60175FD1CD4424600B46913 /* Release */,
			);
			defaultConfigurationIsVisible = 0;
			defaultConfigurationName = Release;
		};
		D60175FE1CD4424600B46913 /* Build configuration list for PBXNativeTarget "iOSAnimationsample_swiftUITests" */ = {
			isa = XCConfigurationList;
			buildConfigurations = (
				D60175FF1CD4424600B46913 /* Debug */,
				D60176001CD4424600B46913 /* Release */,
			);
			defaultConfigurationIsVisible = 0;
			defaultConfigurationName = Release;
		};
/* End XCConfigurationList section */
	};
	rootObject = D60175D61CD4424500B46913 /* Project object */;
}
